<Solution>
  <Folder Name="/bench/">
    <Project Path="bench/Srcnet.Benchmarks/Srcnet.Benchmarks.fsproj" />
  </Folder>
  <Folder Name="/src/">
    <Project Path="src/Srcnet.Cli/Srcnet.Cli.fsproj" />
    <Project Path="src/Srcnet.Core/Srcnet.Core.fsproj" />
    <Project Path="src/Srcnet.Discovery/Srcnet.Discovery.fsproj" />
    <Project Path="src/Srcnet.Storage/Srcnet.Storage.fsproj" />
    <Project Path="src/Srcnet.Text/Srcnet.Text.fsproj" />
  </Folder>
  <Folder Name="/tests/">
    <Project Path="tests/Srcnet.Tests/Srcnet.Tests.fsproj" />
  </Folder>
</Solution>
